
Microsoft Visual Studio Solution File, Format Version 12.00
# Visual Studio Version 16
VisualStudioVersion = 16.0.29613.14
MinimumVisualStudioVersion = 10.0.40219.1
Project("{FAE04EC0-301F-11D3-BF4B-00C04F79EFBC}") = "FolderManager.API", "FolderManager.API\FolderManager.API.csproj", "{5FFF7F51-FCB2-4D51-98C8-43F37D02107D}"
EndProject
Global
	GlobalSection(SolutionConfigurationPlatforms) = preSolution
		Debug|Any CPU = Debug|Any CPU
		Release|Any CPU = Release|Any CPU
	EndGlobalSection
	GlobalSection(ProjectConfigurationPlatforms) = postSolution
		{5FFF7F51-FCB2-4D51-98C8-43F37D02107D}.Debug|Any CPU.ActiveCfg = Debug|Any CPU
		{5FFF7F51-FCB2-4D51-98C8-43F37D02107D}.Debug|Any CPU.Build.0 = Debug|Any CPU
		{5FFF7F51-FCB2-4D51-98C8-43F37D02107D}.Release|Any CPU.ActiveCfg = Release|Any CPU
		{5FFF7F51-FCB2-4D51-98C8-43F37D02107D}.Release|Any CPU.Build.0 = Release|Any CPU
	EndGlobalSection
	GlobalSection(SolutionProperties) = preSolution
		HideSolutionNode = FALSE
	EndGlobalSection
	GlobalSection(ExtensibilityGlobals) = postSolution
		SolutionGuid = {A6A85D1E-8FEA-4852-85DF-CE9FF17467FB}
	EndGlobalSection
EndGlobal
